
Microsoft Visual Studio Solution File, Format Version 12.00
# Visual Studio 15
Project("{FAE04EC0-301F-11D3-BF4B-00C04F79EFBC}") = "CS_Practice", "CS_Practice.csproj", "{3E62EACB-9270-4B9D-AD9C-E011F29BB5EE}"
EndProject
Project("{FAE04EC0-301F-11D3-BF4B-00C04F79EFBC}") = "CS_Tests", "CS_Tests\CS_Tests.csproj", "{B279075E-875D-48F2-B14A-535E2C08F6D8}"
EndProject
Global
	GlobalSection(SolutionConfigurationPlatforms) = preSolution
		Debug|Any CPU = Debug|Any CPU
		Release|Any CPU = Release|Any CPU
	EndGlobalSection
	GlobalSection(ProjectConfigurationPlatforms) = postSolution
		{3E62EACB-9270-4B9D-AD9C-E011F29BB5EE}.Debug|Any CPU.ActiveCfg = Debug|Any CPU
		{3E62EACB-9270-4B9D-AD9C-E011F29BB5EE}.Debug|Any CPU.Build.0 = Debug|Any CPU
		{3E62EACB-9270-4B9D-AD9C-E011F29BB5EE}.Release|Any CPU.ActiveCfg = Release|Any CPU
		{3E62EACB-9270-4B9D-AD9C-E011F29BB5EE}.Release|Any CPU.Build.0 = Release|Any CPU
		{B279075E-875D-48F2-B14A-535E2C08F6D8}.Debug|Any CPU.ActiveCfg = Debug|Any CPU
		{B279075E-875D-48F2-B14A-535E2C08F6D8}.Debug|Any CPU.Build.0 = Debug|Any CPU
		{B279075E-875D-48F2-B14A-535E2C08F6D8}.Release|Any CPU.ActiveCfg = Release|Any CPU
		{B279075E-875D-48F2-B14A-535E2C08F6D8}.Release|Any CPU.Build.0 = Release|Any CPU
	EndGlobalSection
EndGlobal
